
Microsoft Visual Studio Solution File, Format Version 12.00
# Visual Studio Version 16
VisualStudioVersion = 16.0.31829.152
MinimumVisualStudioVersion = 10.0.40219.1
Project("{9A19103F-16F7-4668-BE54-9A1E7A4F7556}") = "CarsApp.API", "CarsApp.API\CarsApp.API.csproj", "{5DDD93EE-51C4-4819-9A5F-C40F14EF95E2}"
EndProject
Project("{9A19103F-16F7-4668-BE54-9A1E7A4F7556}") = "CarsApp.Data", "CarsApp.Data\CarsApp.Data.csproj", "{A95B4B5E-0AE3-4E4F-9FD9-070E5AEC5570}"
EndProject
Project("{FAE04EC0-301F-11D3-BF4B-00C04F79EFBC}") = "CarsApp.Services", "CarsApp.Services\CarsApp.Services.csproj", "{941CAF23-420E-4FA9-9B0B-BAF8C67018EB}"
EndProject
Project("{FAE04EC0-301F-11D3-BF4B-00C04F79EFBC}") = "CarsApp.Models", "CarsApp.Models\CarsApp.Models.csproj", "{187227F5-8611-4455-9DC9-BD96A3BD6F27}"
EndProject
Project("{FAE04EC0-301F-11D3-BF4B-00C04F79EFBC}") = "CarsApp.Common", "CarsApp.Common\CarsApp.Common.csproj", "{836BF8DD-7A4F-4797-BF0A-BC5C8C3CDAC4}"
EndProject
Global
	GlobalSection(SolutionConfigurationPlatforms) = preSolution
		Debug|Any CPU = Debug|Any CPU
		Release|Any CPU = Release|Any CPU
	EndGlobalSection
	GlobalSection(ProjectConfigurationPlatforms) = postSolution
		{5DDD93EE-51C4-4819-9A5F-C40F14EF95E2}.Debug|Any CPU.ActiveCfg = Debug|Any CPU
		{5DDD93EE-51C4-4819-9A5F-C40F14EF95E2}.Debug|Any CPU.Build.0 = Debug|Any CPU
		{5DDD93EE-51C4-4819-9A5F-C40F14EF95E2}.Release|Any CPU.ActiveCfg = Release|Any CPU
		{5DDD93EE-51C4-4819-9A5F-C40F14EF95E2}.Release|Any CPU.Build.0 = Release|Any CPU
		{A95B4B5E-0AE3-4E4F-9FD9-070E5AEC5570}.Debug|Any CPU.ActiveCfg = Debug|Any CPU
		{A95B4B5E-0AE3-4E4F-9FD9-070E5AEC5570}.Debug|Any CPU.Build.0 = Debug|Any CPU
		{A95B4B5E-0AE3-4E4F-9FD9-070E5AEC5570}.Release|Any CPU.ActiveCfg = Release|Any CPU
		{A95B4B5E-0AE3-4E4F-9FD9-070E5AEC5570}.Release|Any CPU.Build.0 = Release|Any CPU
		{941CAF23-420E-4FA9-9B0B-BAF8C67018EB}.Debug|Any CPU.ActiveCfg = Debug|Any CPU
		{941CAF23-420E-4FA9-9B0B-BAF8C67018EB}.Debug|Any CPU.Build.0 = Debug|Any CPU
		{941CAF23-420E-4FA9-9B0B-BAF8C67018EB}.Release|Any CPU.ActiveCfg = Release|Any CPU
		{941CAF23-420E-4FA9-9B0B-BAF8C67018EB}.Release|Any CPU.Build.0 = Release|Any CPU
		{187227F5-8611-4455-9DC9-BD96A3BD6F27}.Debug|Any CPU.ActiveCfg = Debug|Any CPU
		{187227F5-8611-4455-9DC9-BD96A3BD6F27}.Debug|Any CPU.Build.0 = Debug|Any CPU
		{187227F5-8611-4455-9DC9-BD96A3BD6F27}.Release|Any CPU.ActiveCfg = Release|Any CPU
		{187227F5-8611-4455-9DC9-BD96A3BD6F27}.Release|Any CPU.Build.0 = Release|Any CPU
		{836BF8DD-7A4F-4797-BF0A-BC5C8C3CDAC4}.Debug|Any CPU.ActiveCfg = Debug|Any CPU
		{836BF8DD-7A4F-4797-BF0A-BC5C8C3CDAC4}.Debug|Any CPU.Build.0 = Debug|Any CPU
		{836BF8DD-7A4F-4797-BF0A-BC5C8C3CDAC4}.Release|Any CPU.ActiveCfg = Release|Any CPU
		{836BF8DD-7A4F-4797-BF0A-BC5C8C3CDAC4}.Release|Any CPU.Build.0 = Release|Any CPU
	EndGlobalSection
	GlobalSection(SolutionProperties) = preSolution
		HideSolutionNode = FALSE
	EndGlobalSection
	GlobalSection(ExtensibilityGlobals) = postSolution
		SolutionGuid = {577E1C27-7683-43EE-A302-76D6B4FCA429}
	EndGlobalSection
EndGlobal
